
Microsoft Visual Studio Solution File, Format Version 12.00
# Visual Studio Version 17
VisualStudioVersion = 17.10.35004.147
MinimumVisualStudioVersion = 10.0.40219.1
Project("{FAE04EC0-301F-11D3-BF4B-00C04F79EFBC}") = "RetenueSource", "RetenueSource\RetenueSource.csproj", "{7048A7AB-EA6E-4DEE-B0C6-385BBE0107FE}"
EndProject
Global
	GlobalSection(SolutionConfigurationPlatforms) = preSolution
		Debug|Any CPU = Debug|Any CPU
		Release|Any CPU = Release|Any CPU
	EndGlobalSection
	GlobalSection(ProjectConfigurationPlatforms) = postSolution
		{7048A7AB-EA6E-4DEE-B0C6-385BBE0107FE}.Debug|Any CPU.ActiveCfg = Debug|Any CPU
		{7048A7AB-EA6E-4DEE-B0C6-385BBE0107FE}.Debug|Any CPU.Build.0 = Debug|Any CPU
		{7048A7AB-EA6E-4DEE-B0C6-385BBE0107FE}.Release|Any CPU.ActiveCfg = Release|Any CPU
		{7048A7AB-EA6E-4DEE-B0C6-385BBE0107FE}.Release|Any CPU.Build.0 = Release|Any CPU
	EndGlobalSection
	GlobalSection(SolutionProperties) = preSolution
		HideSolutionNode = FALSE
	EndGlobalSection
	GlobalSection(ExtensibilityGlobals) = postSolution
		SolutionGuid = {C75772A5-D276-4DD2-9B3B-2A1179AEF34E}
	EndGlobalSection
EndGlobal
